
Microsoft Visual Studio Solution File, Format Version 12.00
# Visual Studio Version 16
VisualStudioVersion = 16.0.29613.14
MinimumVisualStudioVersion = 10.0.40219.1
Project("{9A19103F-16F7-4668-BE54-9A1E7A4F7556}") = "Be.Stateless.BizTalk.Messaging", "src\Be.Stateless.BizTalk.Messaging\Be.Stateless.BizTalk.Messaging.csproj", "{5CE04D37-FCB9-4A13-873F-B66FAB2AA1BF}"
EndProject
Project("{9A19103F-16F7-4668-BE54-9A1E7A4F7556}") = "Be.Stateless.BizTalk.Messaging.Tests", "src\Be.Stateless.BizTalk.Messaging.Tests\Be.Stateless.BizTalk.Messaging.Tests.csproj", "{2BC620DB-BAC3-4DDB-8F60-53AD88083D26}"
EndProject
Project("{2150E333-8FDC-42A3-9474-1A3956D46DE8}") = "Solution Items", "Solution Items", "{FB2DB540-81B8-4FA6-A37F-2DD74DE501FC}"
	ProjectSection(SolutionItems) = preProject
		.editorconfig = .editorconfig
	EndProjectSection
EndProject
Project("{9A19103F-16F7-4668-BE54-9A1E7A4F7556}") = "Be.Stateless.BizTalk.Messaging.Unit", "src\Be.Stateless.BizTalk.Messaging.Unit\Be.Stateless.BizTalk.Messaging.Unit.csproj", "{974A659A-E894-4C1D-9A6C-C0429E7E7B2D}"
EndProject
Project("{9A19103F-16F7-4668-BE54-9A1E7A4F7556}") = "Be.Stateless.BizTalk.Messaging.Unit.Tests", "src\Be.Stateless.BizTalk.Messaging.Unit.Tests\Be.Stateless.BizTalk.Messaging.Unit.Tests.csproj", "{843A738F-7262-40BE-9E94-224A973B1D96}"
EndProject
Global
	GlobalSection(SolutionConfigurationPlatforms) = preSolution
		Debug|Any CPU = Debug|Any CPU
		Release|Any CPU = Release|Any CPU
	EndGlobalSection
	GlobalSection(ProjectConfigurationPlatforms) = postSolution
		{5CE04D37-FCB9-4A13-873F-B66FAB2AA1BF}.Debug|Any CPU.ActiveCfg = Debug|Any CPU
		{5CE04D37-FCB9-4A13-873F-B66FAB2AA1BF}.Debug|Any CPU.Build.0 = Debug|Any CPU
		{5CE04D37-FCB9-4A13-873F-B66FAB2AA1BF}.Release|Any CPU.ActiveCfg = Release|Any CPU
		{5CE04D37-FCB9-4A13-873F-B66FAB2AA1BF}.Release|Any CPU.Build.0 = Release|Any CPU
		{2BC620DB-BAC3-4DDB-8F60-53AD88083D26}.Debug|Any CPU.ActiveCfg = Debug|Any CPU
		{2BC620DB-BAC3-4DDB-8F60-53AD88083D26}.Debug|Any CPU.Build.0 = Debug|Any CPU
		{2BC620DB-BAC3-4DDB-8F60-53AD88083D26}.Release|Any CPU.ActiveCfg = Release|Any CPU
		{2BC620DB-BAC3-4DDB-8F60-53AD88083D26}.Release|Any CPU.Build.0 = Release|Any CPU
		{974A659A-E894-4C1D-9A6C-C0429E7E7B2D}.Debug|Any CPU.ActiveCfg = Debug|Any CPU
		{974A659A-E894-4C1D-9A6C-C0429E7E7B2D}.Debug|Any CPU.Build.0 = Debug|Any CPU
		{974A659A-E894-4C1D-9A6C-C0429E7E7B2D}.Release|Any CPU.ActiveCfg = Release|Any CPU
		{974A659A-E894-4C1D-9A6C-C0429E7E7B2D}.Release|Any CPU.Build.0 = Release|Any CPU
		{843A738F-7262-40BE-9E94-224A973B1D96}.Debug|Any CPU.ActiveCfg = Debug|Any CPU
		{843A738F-7262-40BE-9E94-224A973B1D96}.Debug|Any CPU.Build.0 = Debug|Any CPU
		{843A738F-7262-40BE-9E94-224A973B1D96}.Release|Any CPU.ActiveCfg = Release|Any CPU
		{843A738F-7262-40BE-9E94-224A973B1D96}.Release|Any CPU.Build.0 = Release|Any CPU
	EndGlobalSection
	GlobalSection(SolutionProperties) = preSolution
		HideSolutionNode = FALSE
	EndGlobalSection
	GlobalSection(ExtensibilityGlobals) = postSolution
		SolutionGuid = {E4377080-5D87-4641-ADEA-4388A32CA563}
	EndGlobalSection
EndGlobal
